{
  "name": "replit",
  "version": "1.0.0",
  "lockfileVersion": 1,
  "requires": true,
  "dependencies": {
    "bluebird": {
      "version": "3.7.2",
      "resolved": "https://registry.npmjs.org/bluebird/-/bluebird-3.7.2.tgz",
      "integrity": "sha512-XpNj6GDQzdfW+r2Wnn7xiSAd7TM3jzkxGXBGTtWKuSXv1xUV+azxAm8jdWZN06QTQk+2N2XB9jRDkvbmQmcRtg=="
    },
    "debug": {
      "version": "4.3.4",
      "resolved": "https://registry.npmjs.org/debug/-/debug-4.3.4.tgz",
      "integrity": "sha512-PRWFHuSU3eDtQJPvnNY7Jcket1j0t5OuOsFzPPzsekD52Zl8qUfFIPEiswXqIvHWGVHOgX+7G/vCNNhehwxfkQ==",
      "requires": {
        "ms": "2.1.2"
      }
    },
    "encoding": {
      "version": "0.1.13",
      "resolved": "https://registry.npmjs.org/encoding/-/encoding-0.1.13.tgz",
      "integrity": "sha512-ETBauow1T35Y/WZMkio9jiM0Z5xjHHmJ4XmjZOq1l/dXz3lr2sRn87nJy20RupqSh1F2m3HHPSp8ShIPQJrJ3A==",
      "requires": {
        "iconv-lite": "^0.6.2"
      }
    },
    "iconv-lite": {
      "version": "0.6.3",
      "resolved": "https://registry.npmjs.org/iconv-lite/-/iconv-lite-0.6.3.tgz",
      "integrity": "sha512-4fCk79wshMdzMp2rH06qWrJE4iolqLhCUH+OiuIgU++RB0+94NlDL81atO7GX55uUKueo0txHNtvEyI6D7WdMw==",
      "requires": {
        "safer-buffer": ">= 2.1.2 < 3.0.0"
      }
    },
    "is-stream": {
      "version": "1.1.0",
      "resolved": "https://registry.npmjs.org/is-stream/-/is-stream-1.1.0.tgz",
      "integrity": "sha1-EtSj3U5o4Lec6428hBc66A2RykQ="
    },
    "isomorphic-fetch": {
      "version": "2.2.1",
      "resolved": "https://registry.npmjs.org/isomorphic-fetch/-/isomorphic-fetch-2.2.1.tgz",
      "integrity": "sha1-YRrhrPFPXoH3KVB0coGf6XM1WKk=",
      "requires": {
        "node-fetch": "^1.0.1",
        "whatwg-fetch": ">=0.10.0"
      }
    },
    "lodash": {
      "version": "4.17.21",
      "resolved": "https://registry.npmjs.org/lodash/-/lodash-4.17.21.tgz",
      "integrity": "sha512-v2kDEe57lecTulaDIuNTPy3Ry4gLGJ6Z1O3vE1krgXZNrsQ+LFTGHVxVjcXPs17LhbZVGedAJv8XZ1tvj5FvSg=="
    },
    "ms": {
      "version": "2.1.2",
      "resolved": "https://registry.npmjs.org/ms/-/ms-2.1.2.tgz",
      "integrity": "sha512-sGkPx+VjMtmA6MX27oA4FBFELFCZZ4S4XqeGOXCv68tT+jb3vk/RyaKWP0PTKyWtmLSM0b+adUTEvbs1PEaH2w=="
    },
    "node-fetch": {
      "version": "1.7.3",
      "resolved": "https://registry.npmjs.org/node-fetch/-/node-fetch-1.7.3.tgz",
      "integrity": "sha512-NhZ4CsKx7cYm2vSrBAr2PvFOe6sWDf0UYLRqA6svUYg7+/TSfVAu49jYC4BvQ4Sms9SZgdqGBgroqfDhJdTyKQ==",
      "requires": {
        "encoding": "^0.1.11",
        "is-stream": "^1.0.1"
      }
    },
    "safer-buffer": {
      "version": "2.1.2",
      "resolved": "https://registry.npmjs.org/safer-buffer/-/safer-buffer-2.1.2.tgz",
      "integrity": "sha512-YZo3K82SD7Riyi0E1EQPojLz7kpepnSQI9IyPbHHg1XXXevb5dJI7tpyN2ADxGcQbHG7vcyRHk0cbwqcQriUtg=="
    },
    "second": {
      "version": "1.7.0",
      "resolved": "https://registry.npmjs.org/second/-/second-1.7.0.tgz",
      "integrity": "sha512-xlwZSgzi42KgAdn38bbSec1sdRX+jTAYoJht7yY3I9G62oDxybDloa45KlyMFWsUrv+GGY6NElcAW09GQgObxg==",
      "requires": {
        "second-container": "^1.7.0",
        "second-dehydrator": "^1.7.0",
        "second-fetcher": "^1.7.0",
        "second-renderer": "^1.7.0"
      }
    },
    "second-container": {
      "version": "1.7.0",
      "resolved": "https://registry.npmjs.org/second-container/-/second-container-1.7.0.tgz",
      "integrity": "sha512-w2apTUvMQVFVPcBMethQ1zzQa0h3IGW2pWvfbZXAins9pZ98vSptCQxJjKzhwPE/qkvb6RT1yR8tZv+zrwlmGg=="
    },
    "second-dehydrator": {
      "version": "1.7.0",
      "resolved": "https://registry.npmjs.org/second-dehydrator/-/second-dehydrator-1.7.0.tgz",
      "integrity": "sha512-TsRtA+ndvdhrgPsygO+w4uakCtxk8xk3kcli3E1DAuAOpa53Jc+QfSwTVnicGaegxYVAxHfmnYPtZe7m1zTrdQ=="
    },
    "second-fetcher": {
      "version": "1.7.0",
      "resolved": "https://registry.npmjs.org/second-fetcher/-/second-fetcher-1.7.0.tgz",
      "integrity": "sha512-rY2B4CRTxHFhZbSRv6F5hvPKF0wRJanYNVZP2uu99WNG3CFmndbbdw3YLAGBFSNNgkg5+BG+UxeyZa7Ia5jofQ==",
      "requires": {
        "bluebird": "^3.7.1",
        "debug": "^4.1.1",
        "isomorphic-fetch": "^2.2.1",
        "lodash": "^4.17.15"
      }
    },
    "second-renderer": {
      "version": "1.7.0",
      "resolved": "https://registry.npmjs.org/second-renderer/-/second-renderer-1.7.0.tgz",
      "integrity": "sha512-ihUw3CivrMDmwPTobRtJPT+SP3NEiyB7S7Kdu2u/5r26kbcoqC6h7g6Uu3YSCpIgxc8D7NYWZ7eX2Jp/7pFlvA==",
      "requires": {
        "bluebird": "^3.7.1",
        "debug": "^4.1.1"
      }
    },
    "whatwg-fetch": {
      "version": "3.6.2",
      "resolved": "https://registry.npmjs.org/whatwg-fetch/-/whatwg-fetch-3.6.2.tgz",
      "integrity": "sha512-bJlen0FcuU/0EMLrdbJ7zOnW6ITZLrZMIarMUVmdKtsGvZna8vxKYaexICWPfZ8qwf9fzNq+UEIZrnSaApt6RA=="
    }
  }
}
